// !$*UTF8*$!
{
	archiveVersion = 1;
	classes = {
	};
	objectVersion = 48;
	objects = {

/* Begin PBXBuildFile section */
		871415BC1FE2190300A362DC /* AppDelegate.swift in Sources */ = {isa = PBXBuildFile; fileRef = 871415BB1FE2190300A362DC /* AppDelegate.swift */; };
		871415BE1FE2190300A362DC /* ViewController.swift in Sources */ = {isa = PBXBuildFile; fileRef = 871415BD1FE2190300A362DC /* ViewController.swift */; };
		871415C11FE2190400A362DC /* Main.storyboard in Resources */ = {isa = PBXBuildFile; fileRef = 871415BF1FE2190400A362DC /* Main.storyboard */; };
		871415C31FE2190400A362DC /* Assets.xcassets in Resources */ = {isa = PBXBuildFile; fileRef = 871415C21FE2190400A362DC /* Assets.xcassets */; };
		871415C61FE2190400A362DC /* LaunchScreen.storyboard in Resources */ = {isa = PBXBuildFile; fileRef = 871415C41FE2190400A362DC /* LaunchScreen.storyboard */; };
		871415CE1FE2193100A362DC /* WKWebViewProgress.swift in Sources */ = {isa = PBXBuildFile; fileRef = 871415CD1FE2193100A362DC /* WKWebViewProgress.swift */; };
		871415D11FE22F0800A362DC /* WebKit.framework in Frameworks */ = {isa = PBXBuildFile; fileRef = 871415D01FE22F0800A362DC /* WebKit.framework */; };
		871415D31FE22F8100A362DC /* WebViewController.swift in Sources */ = {isa = PBXBuildFile; fileRef = 871415D21FE22F8100A362DC /* WebViewController.swift */; };
/* End PBXBuildFile section */

/* Begin PBXFileReference section */
		871415B81FE2190300A362DC /* WKWebViewProgress.app */ = {isa = PBXFileReference; explicitFileType = wrapper.application; includeInIndex = 0; path = WKWebViewProgress.app; sourceTree = BUILT_PRODUCTS_DIR; };
		871415BB1FE2190300A362DC /* AppDelegate.swift */ = {isa = PBXFileReference; lastKnownFileType = sourcecode.swift; path = AppDelegate.swift; sourceTree = "<group>"; };
		871415BD1FE2190300A362DC /* ViewController.swift */ = {isa = PBXFileReference; lastKnownFileType = sourcecode.swift; path = ViewController.swift; sourceTree = "<group>"; };
		871415C01FE2190400A362DC /* Base */ = {isa = PBXFileReference; lastKnownFileType = file.storyboard; name = Base; path = Base.lproj/Main.storyboard; sourceTree = "<group>"; };
		871415C21FE2190400A362DC /* Assets.xcassets */ = {isa = PBXFileReference; lastKnownFileType = folder.assetcatalog; path = Assets.xcassets; sourceTree = "<group>"; };
		871415C51FE2190400A362DC /* Base */ = {isa = PBXFileReference; lastKnownFileType = file.storyboard; name = Base; path = Base.lproj/LaunchScreen.storyboard; sourceTree = "<group>"; };
		871415C71FE2190400A362DC /* Info.plist */ = {isa = PBXFileReference; lastKnownFileType = text.plist.xml; path = Info.plist; sourceTree = "<group>"; };
		871415CD1FE2193100A362DC /* WKWebViewProgress.swift */ = {isa = PBXFileReference; lastKnownFileType = sourcecode.swift; path = WKWebViewProgress.swift; sourceTree = "<group>"; };
		871415D01FE22F0800A362DC /* WebKit.framework */ = {isa = PBXFileReference; lastKnownFileType = wrapper.framework; name = WebKit.framework; path = System/Library/Frameworks/WebKit.framework; sourceTree = SDKROOT; };
		871415D21FE22F8100A362DC /* WebViewController.swift */ = {isa = PBXFileReference; lastKnownFileType = sourcecode.swift; path = WebViewController.swift; sourceTree = "<group>"; };
/* End PBXFileReference section */

/* Begin PBXFrameworksBuildPhase section */
		871415B51FE2190300A362DC /* Frameworks */ = {
			isa = PBXFrameworksBuildPhase;
			buildActionMask = 2147483647;
			files = (
				871415D11FE22F0800A362DC /* WebKit.framework in Frameworks */,
			);
			runOnlyForDeploymentPostprocessing = 0;
		};
/* End PBXFrameworksBuildPhase section */

/* Begin PBXGroup section */
		871415AF1FE2190300A362DC = {
			isa = PBXGroup;
			children = (
				871415BA1FE2190300A362DC /* WKWebViewProgress */,
				871415B91FE2190300A362DC /* Products */,
				871415CF1FE22F0700A362DC /* Frameworks */,
			);
			sourceTree = "<group>";
		};
		871415B91FE2190300A362DC /* Products */ = {
			isa = PBXGroup;
			children = (
				871415B81FE2190300A362DC /* WKWebViewProgress.app */,
			);
			name = Products;
			sourceTree = "<group>";
		};
		871415BA1FE2190300A362DC /* WKWebViewProgress */ = {
			isa = PBXGroup;
			children = (
				871415D41FE2623800A362DC /* Lib */,
				871415BB1FE2190300A362DC /* AppDelegate.swift */,
				871415BD1FE2190300A362DC /* ViewController.swift */,
				871415D21FE22F8100A362DC /* WebViewController.swift */,
				871415BF1FE2190400A362DC /* Main.storyboard */,
				871415C21FE2190400A362DC /* Assets.xcassets */,
				871415C41FE2190400A362DC /* LaunchScreen.storyboard */,
				871415C71FE2190400A362DC /* Info.plist */,
			);
			path = WKWebViewProgress;
			sourceTree = "<group>";
		};
		871415CF1FE22F0700A362DC /* Frameworks */ = {
			isa = PBXGroup;
			children = (
				871415D01FE22F0800A362DC /* WebKit.framework */,
			);
			name = Frameworks;
			sourceTree = "<group>";
		};
		871415D41FE2623800A362DC /* Lib */ = {
			isa = PBXGroup;
			children = (
				871415CD1FE2193100A362DC /* WKWebViewProgress.swift */,
			);
			path = Lib;
			sourceTree = "<group>";
		};
/* End PBXGroup section */

/* Begin PBXNativeTarget section */
		871415B71FE2190300A362DC /* WKWebViewProgress */ = {
			isa = PBXNativeTarget;
			buildConfigurationList = 871415CA1FE2190400A362DC /* Build configuration list for PBXNativeTarget "WKWebViewProgress" */;
			buildPhases = (
				871415B41FE2190300A362DC /* Sources */,
				871415B51FE2190300A362DC /* Frameworks */,
				871415B61FE2190300A362DC /* Resources */,
			);
			buildRules = (
			);
			dependencies = (
			);
			name = WKWebViewProgress;
			productName = WKWebViewProgress;
			productReference = 871415B81FE2190300A362DC /* WKWebViewProgress.app */;
			productType = "com.apple.product-type.application";
		};
/* End PBXNativeTarget section */

/* Begin PBXProject section */
		871415B01FE2190300A362DC /* Project object */ = {
			isa = PBXProject;
			attributes = {
				LastSwiftUpdateCheck = 0920;
				LastUpgradeCheck = 0920;
				ORGANIZATIONNAME = Mgen;
				TargetAttributes = {
					871415B71FE2190300A362DC = {
						CreatedOnToolsVersion = 9.2;
						ProvisioningStyle = Automatic;
					};
				};
			};
			buildConfigurationList = 871415B31FE2190300A362DC /* Build configuration list for PBXProject "WKWebViewProgress" */;
			compatibilityVersion = "Xcode 8.0";
			developmentRegion = en;
			hasScannedForEncodings = 0;
			knownRegions = (
				en,
				Base,
			);
			mainGroup = 871415AF1FE2190300A362DC;
			productRefGroup = 871415B91FE2190300A362DC /* Products */;
			projectDirPath = "";
			projectRoot = "";
			targets = (
				871415B71FE2190300A362DC /* WKWebViewProgress */,
			);
		};
/* End PBXProject section */

/* Begin PBXResourcesBuildPhase section */
		871415B61FE2190300A362DC /* Resources */ = {
			isa = PBXResourcesBuildPhase;
			buildActionMask = 2147483647;
			files = (
				871415C61FE2190400A362DC /* LaunchScreen.storyboard in Resources */,
				871415C31FE2190400A362DC /* Assets.xcassets in Resources */,
				871415C11FE2190400A362DC /* Main.storyboard in Resources */,
			);
			runOnlyForDeploymentPostprocessing = 0;
		};
/* End PBXResourcesBuildPhase section */

/* Begin PBXSourcesBuildPhase section */
		871415B41FE2190300A362DC /* Sources */ = {
			isa = PBXSourcesBuildPhase;
			buildActionMask = 2147483647;
			files = (
				871415BE1FE2190300A362DC /* ViewController.swift in Sources */,
				871415CE1FE2193100A362DC /* WKWebViewProgress.swift in Sources */,
				871415BC1FE2190300A362DC /* AppDelegate.swift in Sources */,
				871415D31FE22F8100A362DC /* WebViewController.swift in Sources */,
			);
			runOnlyForDeploymentPostprocessing = 0;
		};
/* End PBXSourcesBuildPhase section */

/* Begin PBXVariantGroup section */
		871415BF1FE2190400A362DC /* Main.storyboard */ = {
			isa = PBXVariantGroup;
			children = (
				871415C01FE2190400A362DC /* Base */,
			);
			name = Main.storyboard;
			sourceTree = "<group>";
		};
		871415C41FE2190400A362DC /* LaunchScreen.storyboard */ = {
			isa = PBXVariantGroup;
			children = (
				871415C51FE2190400A362DC /* Base */,
			);
			name = LaunchScreen.storyboard;
			sourceTree = "<group>";
		};
/* End PBXVariantGroup section */

/* Begin XCBuildConfiguration section */
		871415C81FE2190400A362DC /* Debug */ = {
			isa = XCBuildConfiguration;
			buildSettings = {
				ALWAYS_SEARCH_USER_PATHS = NO;
				CLANG_ANALYZER_NONNULL = YES;
				CLANG_ANALYZER_NUMBER_OBJECT_CONVERSION = YES_AGGRESSIVE;
				CLANG_CXX_LANGUAGE_STANDARD = "gnu++14";
				CLANG_CXX_LIBRARY = "libc++";
				CLANG_ENABLE_MODULES = YES;
				CLANG_ENABLE_OBJC_ARC = YES;
				CLANG_WARN_BLOCK_CAPTURE_AUTORELEASING = YES;
				CLANG_WARN_BOOL_CONVERSION = YES;
				CLANG_WARN_COMMA = YES;
				CLANG_WARN_CONSTANT_CONVERSION = YES;
				CLANG_WARN_DIRECT_OBJC_ISA_USAGE = YES_ERROR;
				CLANG_WARN_DOCUMENTATION_COMMENTS = YES;
				CLANG_WARN_EMPTY_BODY = YES;
				CLANG_WARN_ENUM_CONVERSION = YES;
				CLANG_WARN_INFINITE_RECURSION = YES;
				CLANG_WARN_INT_CONVERSION = YES;
				CLANG_WARN_NON_LITERAL_NULL_CONVERSION = YES;
				CLANG_WARN_OBJC_LITERAL_CONVERSION = YES;
				CLANG_WARN_OBJC_ROOT_CLASS = YES_ERROR;
				CLANG_WARN_RANGE_LOOP_ANALYSIS = YES;
				CLANG_WARN_STRICT_PROTOTYPES = YES;
				CLANG_WARN_SUSPICIOUS_MOVE = YES;
				CLANG_WARN_UNGUARDED_AVAILABILITY = YES_AGGRESSIVE;
				CLANG_WARN_UNREACHABLE_CODE = YES;
				CLANG_WARN__DUPLICATE_METHOD_MATCH = YES;
				CODE_SIGN_IDENTITY = "iPhone Developer";
				COPY_PHASE_STRIP = NO;
				DEBUG_INFORMATION_FORMAT = dwarf;
				ENABLE_STRICT_OBJC_MSGSEND = YES;
				ENABLE_TESTABILITY = YES;
				GCC_C_LANGUAGE_STANDARD = gnu11;
				GCC_DYNAMIC_NO_PIC = NO;
				GCC_NO_COMMON_BLOCKS = YES;
				GCC_OPTIMIZATION_LEVEL = 0;
				GCC_PREPROCESSOR_DEFINITIONS = (
					"DEBUG=1",
					"$(inherited)",
				);
				GCC_WARN_64_TO_32_BIT_CONVERSION = YES;
				GCC_WARN_ABOUT_RETURN_TYPE = YES_ERROR;
				GCC_WARN_UNDECLARED_SELECTOR = YES;
				GCC_WARN_UNINITIALIZED_AUTOS = YES_AGGRESSIVE;
				GCC_WARN_UNUSED_FUNCTION = YES;
				GCC_WARN_UNUSED_VARIABLE = YES;
				IPHONEOS_DEPLOYMENT_TARGET = 11.2;
				MTL_ENABLE_DEBUG_INFO = YES;
				ONLY_ACTIVE_ARCH = YES;
				SDKROOT = iphoneos;
				SWIFT_ACTIVE_COMPILATION_CONDITIONS = DEBUG;
				SWIFT_OPTIMIZATION_LEVEL = "-Onone";
			};
			name = Debug;
		};
		871415C91FE2190400A362DC /* Release */ = {
			isa = XCBuildConfiguration;
			buildSettings = {
				ALWAYS_SEARCH_USER_PATHS = NO;
				CLANG_ANALYZER_NONNULL = YES;
				CLANG_ANALYZER_NUMBER_OBJECT_CONVERSION = YES_AGGRESSIVE;
				CLANG_CXX_LANGUAGE_STANDARD = "gnu++14";
				CLANG_CXX_LIBRARY = "libc++";
				CLANG_ENABLE_MODULES = YES;
				CLANG_ENABLE_OBJC_ARC = YES;
				CLANG_WARN_BLOCK_CAPTURE_AUTORELEASING = YES;
				CLANG_WARN_BOOL_CONVERSION = YES;
				CLANG_WARN_COMMA = YES;
				CLANG_WARN_CONSTANT_CONVERSION = YES;
				CLANG_WARN_DIRECT_OBJC_ISA_USAGE = YES_ERROR;
				CLANG_WARN_DOCUMENTATION_COMMENTS = YES;
				CLANG_WARN_EMPTY_BODY = YES;
				CLANG_WARN_ENUM_CONVERSION = YES;
				CLANG_WARN_INFINITE_RECURSION = YES;
				CLANG_WARN_INT_CONVERSION = YES;
				CLANG_WARN_NON_LITERAL_NULL_CONVERSION = YES;
				CLANG_WARN_OBJC_LITERAL_CONVERSION = YES;
				CLANG_WARN_OBJC_ROOT_CLASS = YES_ERROR;
				CLANG_WARN_RANGE_LOOP_ANALYSIS = YES;
				CLANG_WARN_STRICT_PROTOTYPES = YES;
				CLANG_WARN_SUSPICIOUS_MOVE = YES;
				CLANG_WARN_UNGUARDED_AVAILABILITY = YES_AGGRESSIVE;
				CLANG_WARN_UNREACHABLE_CODE = YES;
				CLANG_WARN__DUPLICATE_METHOD_MATCH = YES;
				CODE_SIGN_IDENTITY = "iPhone Developer";
				COPY_PHASE_STRIP = NO;
				DEBUG_INFORMATION_FORMAT = "dwarf-with-dsym";
				ENABLE_NS_ASSERTIONS = NO;
				ENABLE_STRICT_OBJC_MSGSEND = YES;
				GCC_C_LANGUAGE_STANDARD = gnu11;
				GCC_NO_COMMON_BLOCKS = YES;
				GCC_WARN_64_TO_32_BIT_CONVERSION = YES;
				GCC_WARN_ABOUT_RETURN_TYPE = YES_ERROR;
				GCC_WARN_UNDECLARED_SELECTOR = YES;
				GCC_WARN_UNINITIALIZED_AUTOS = YES_AGGRESSIVE;
				GCC_WARN_UNUSED_FUNCTION = YES;
				GCC_WARN_UNUSED_VARIABLE = YES;
				IPHONEOS_DEPLOYMENT_TARGET = 11.2;
				MTL_ENABLE_DEBUG_INFO = NO;
				SDKROOT = iphoneos;
				SWIFT_OPTIMIZATION_LEVEL = "-Owholemodule";
				VALIDATE_PRODUCT = YES;
			};
			name = Release;
		};
		871415CB1FE2190400A362DC /* Debug */ = {
			isa = XCBuildConfiguration;
			buildSettings = {
				ASSETCATALOG_COMPILER_APPICON_NAME = AppIcon;
				CODE_SIGN_STYLE = Automatic;
				INFOPLIST_FILE = WKWebViewProgress/Info.plist;
				IPHONEOS_DEPLOYMENT_TARGET = 8;
				LD_RUNPATH_SEARCH_PATHS = "$(inherited) @executable_path/Frameworks";
				PRODUCT_BUNDLE_IDENTIFIER = com.mgenware.WKWebViewProgress;
				PRODUCT_NAME = "$(TARGET_NAME)";
				SWIFT_VERSION = 4.0;
				TARGETED_DEVICE_FAMILY = "1,2";
			};
			name = Debug;
		};
		871415CC1FE2190400A362DC /* Release */ = {
			isa = XCBuildConfiguration;
			buildSettings = {
				ASSETCATALOG_COMPILER_APPICON_NAME = AppIcon;
				CODE_SIGN_STYLE = Automatic;
				INFOPLIST_FILE = WKWebViewProgress/Info.plist;
				IPHONEOS_DEPLOYMENT_TARGET = 8;
				LD_RUNPATH_SEARCH_PATHS = "$(inherited) @executable_path/Frameworks";
				PRODUCT_BUNDLE_IDENTIFIER = com.mgenware.WKWebViewProgress;
				PRODUCT_NAME = "$(TARGET_NAME)";
				SWIFT_VERSION = 4.0;
				TARGETED_DEVICE_FAMILY = "1,2";
			};
			name = Release;
		};
/* End XCBuildConfiguration section */

/* Begin XCConfigurationList section */
		871415B31FE2190300A362DC /* Build configuration list for PBXProject "WKWebViewProgress" */ = {
			isa = XCConfigurationList;
			buildConfigurations = (
				871415C81FE2190400A362DC /* Debug */,
				871415C91FE2190400A362DC /* Release */,
			);
			defaultConfigurationIsVisible = 0;
			defaultConfigurationName = Release;
		};
		871415CA1FE2190400A362DC /* Build configuration list for PBXNativeTarget "WKWebViewProgress" */ = {
			isa = XCConfigurationList;
			buildConfigurations = (
				871415CB1FE2190400A362DC /* Debug */,
				871415CC1FE2190400A362DC /* Release */,
			);
			defaultConfigurationIsVisible = 0;
			defaultConfigurationName = Release;
		};
/* End XCConfigurationList section */
	};
	rootObject = 871415B01FE2190300A362DC /* Project object */;
}
